
Microsoft Visual Studio Solution File, Format Version 12.00
# Visual Studio Version 17
VisualStudioVersion = 17.10.35013.160
MinimumVisualStudioVersion = 10.0.40219.1
Project("{FAE04EC0-301F-11D3-BF4B-00C04F79EFBC}") = "DnD Character Creation", "DnD Character Creation\DnD Character Creation.csproj", "{3B73A65B-5CDE-45BE-A698-EFC7F2C83BA4}"
EndProject
Global
	GlobalSection(SolutionConfigurationPlatforms) = preSolution
		Debug|Any CPU = Debug|Any CPU
		Release|Any CPU = Release|Any CPU
	EndGlobalSection
	GlobalSection(ProjectConfigurationPlatforms) = postSolution
		{3B73A65B-5CDE-45BE-A698-EFC7F2C83BA4}.Debug|Any CPU.ActiveCfg = Debug|Any CPU
		{3B73A65B-5CDE-45BE-A698-EFC7F2C83BA4}.Debug|Any CPU.Build.0 = Debug|Any CPU
		{3B73A65B-5CDE-45BE-A698-EFC7F2C83BA4}.Release|Any CPU.ActiveCfg = Release|Any CPU
		{3B73A65B-5CDE-45BE-A698-EFC7F2C83BA4}.Release|Any CPU.Build.0 = Release|Any CPU
	EndGlobalSection
	GlobalSection(SolutionProperties) = preSolution
		HideSolutionNode = FALSE
	EndGlobalSection
	GlobalSection(ExtensibilityGlobals) = postSolution
		SolutionGuid = {06FA7019-1CE3-4D88-B502-B1027E2C4929}
	EndGlobalSection
EndGlobal
